
Microsoft Visual Studio Solution File, Format Version 12.00
# Visual Studio 15
VisualStudioVersion = 15.0.27428.2037
MinimumVisualStudioVersion = 10.0.40219.1
Project("{8BC9CEB8-8B4A-11D0-8D11-00A0C91BC942}") = "Cpp_Second_Task", "Cpp_Second_Task\Cpp_Second_Task.vcxproj", "{7729C056-217E-4ABF-8BDD-3D0C18C25868}"
EndProject
Global
	GlobalSection(SolutionConfigurationPlatforms) = preSolution
		Debug|x64 = Debug|x64
		Debug|x86 = Debug|x86
		Release|x64 = Release|x64
		Release|x86 = Release|x86
	EndGlobalSection
	GlobalSection(ProjectConfigurationPlatforms) = postSolution
		{7729C056-217E-4ABF-8BDD-3D0C18C25868}.Debug|x64.ActiveCfg = Debug|x64
		{7729C056-217E-4ABF-8BDD-3D0C18C25868}.Debug|x64.Build.0 = Debug|x64
		{7729C056-217E-4ABF-8BDD-3D0C18C25868}.Debug|x86.ActiveCfg = Debug|Win32
		{7729C056-217E-4ABF-8BDD-3D0C18C25868}.Debug|x86.Build.0 = Debug|Win32
		{7729C056-217E-4ABF-8BDD-3D0C18C25868}.Release|x64.ActiveCfg = Release|x64
		{7729C056-217E-4ABF-8BDD-3D0C18C25868}.Release|x64.Build.0 = Release|x64
		{7729C056-217E-4ABF-8BDD-3D0C18C25868}.Release|x86.ActiveCfg = Release|Win32
		{7729C056-217E-4ABF-8BDD-3D0C18C25868}.Release|x86.Build.0 = Release|Win32
	EndGlobalSection
	GlobalSection(SolutionProperties) = preSolution
		HideSolutionNode = FALSE
	EndGlobalSection
	GlobalSection(ExtensibilityGlobals) = postSolution
		SolutionGuid = {00607158-DC3F-457D-838E-84BBB449D864}
	EndGlobalSection
EndGlobal
